// !$*UTF8*$!
{
	archiveVersion = 1;
	classes = {
	};
	objectVersion = 55;
	objects = {

/* Begin PBXBuildFile section */
		AF023E7028EF3B6E008A0780 /* AppDelegate.swift in Sources */ = {isa = PBXBuildFile; fileRef = AF023E6F28EF3B6E008A0780 /* AppDelegate.swift */; };
		AF023E7228EF3B6E008A0780 /* SceneDelegate.swift in Sources */ = {isa = PBXBuildFile; fileRef = AF023E7128EF3B6E008A0780 /* SceneDelegate.swift */; };
		AF023E7428EF3B6E008A0780 /* ViewController.swift in Sources */ = {isa = PBXBuildFile; fileRef = AF023E7328EF3B6E008A0780 /* ViewController.swift */; };
		AF023E7728EF3B6E008A0780 /* Main.storyboard in Resources */ = {isa = PBXBuildFile; fileRef = AF023E7528EF3B6E008A0780 /* Main.storyboard */; };
		AF023E7928EF3B6E008A0780 /* Assets.xcassets in Resources */ = {isa = PBXBuildFile; fileRef = AF023E7828EF3B6E008A0780 /* Assets.xcassets */; };
		AF023E7C28EF3B6E008A0780 /* LaunchScreen.storyboard in Resources */ = {isa = PBXBuildFile; fileRef = AF023E7A28EF3B6E008A0780 /* LaunchScreen.storyboard */; };
		AF023E8728EF3B6F008A0780 /* TicTacToeTests.swift in Sources */ = {isa = PBXBuildFile; fileRef = AF023E8628EF3B6F008A0780 /* TicTacToeTests.swift */; };
		AF023E9128EF3B6F008A0780 /* TicTacToeUITests.swift in Sources */ = {isa = PBXBuildFile; fileRef = AF023E9028EF3B6F008A0780 /* TicTacToeUITests.swift */; };
		AF023E9328EF3B6F008A0780 /* TicTacToeUITestsLaunchTests.swift in Sources */ = {isa = PBXBuildFile; fileRef = AF023E9228EF3B6F008A0780 /* TicTacToeUITestsLaunchTests.swift */; };
/* End PBXBuildFile section */

/* Begin PBXContainerItemProxy section */
		AF023E8328EF3B6F008A0780 /* PBXContainerItemProxy */ = {
			isa = PBXContainerItemProxy;
			containerPortal = AF023E6428EF3B6E008A0780 /* Project object */;
			proxyType = 1;
			remoteGlobalIDString = AF023E6B28EF3B6E008A0780;
			remoteInfo = TicTacToe;
		};
		AF023E8D28EF3B6F008A0780 /* PBXContainerItemProxy */ = {
			isa = PBXContainerItemProxy;
			containerPortal = AF023E6428EF3B6E008A0780 /* Project object */;
			proxyType = 1;
			remoteGlobalIDString = AF023E6B28EF3B6E008A0780;
			remoteInfo = TicTacToe;
		};
/* End PBXContainerItemProxy section */

/* Begin PBXFileReference section */
		AF023E6C28EF3B6E008A0780 /* TicTacToe.app */ = {isa = PBXFileReference; explicitFileType = wrapper.application; includeInIndex = 0; path = TicTacToe.app; sourceTree = BUILT_PRODUCTS_DIR; };
		AF023E6F28EF3B6E008A0780 /* AppDelegate.swift */ = {isa = PBXFileReference; lastKnownFileType = sourcecode.swift; path = AppDelegate.swift; sourceTree = "<group>"; };
		AF023E7128EF3B6E008A0780 /* SceneDelegate.swift */ = {isa = PBXFileReference; lastKnownFileType = sourcecode.swift; path = SceneDelegate.swift; sourceTree = "<group>"; };
		AF023E7328EF3B6E008A0780 /* ViewController.swift */ = {isa = PBXFileReference; lastKnownFileType = sourcecode.swift; path = ViewController.swift; sourceTree = "<group>"; };
		AF023E7628EF3B6E008A0780 /* Base */ = {isa = PBXFileReference; lastKnownFileType = file.storyboard; name = Base; path = Base.lproj/Main.storyboard; sourceTree = "<group>"; };
		AF023E7828EF3B6E008A0780 /* Assets.xcassets */ = {isa = PBXFileReference; lastKnownFileType = folder.assetcatalog; path = Assets.xcassets; sourceTree = "<group>"; };
		AF023E7B28EF3B6E008A0780 /* Base */ = {isa = PBXFileReference; lastKnownFileType = file.storyboard; name = Base; path = Base.lproj/LaunchScreen.storyboard; sourceTree = "<group>"; };
		AF023E7D28EF3B6E008A0780 /* Info.plist */ = {isa = PBXFileReference; lastKnownFileType = text.plist.xml; path = Info.plist; sourceTree = "<group>"; };
		AF023E8228EF3B6F008A0780 /* TicTacToeTests.xctest */ = {isa = PBXFileReference; explicitFileType = wrapper.cfbundle; includeInIndex = 0; path = TicTacToeTests.xctest; sourceTree = BUILT_PRODUCTS_DIR; };
		AF023E8628EF3B6F008A0780 /* TicTacToeTests.swift */ = {isa = PBXFileReference; lastKnownFileType = sourcecode.swift; path = TicTacToeTests.swift; sourceTree = "<group>"; };
		AF023E8C28EF3B6F008A0780 /* TicTacToeUITests.xctest */ = {isa = PBXFileReference; explicitFileType = wrapper.cfbundle; includeInIndex = 0; path = TicTacToeUITests.xctest; sourceTree = BUILT_PRODUCTS_DIR; };
		AF023E9028EF3B6F008A0780 /* TicTacToeUITests.swift */ = {isa = PBXFileReference; lastKnownFileType = sourcecode.swift; path = TicTacToeUITests.swift; sourceTree = "<group>"; };
		AF023E9228EF3B6F008A0780 /* TicTacToeUITestsLaunchTests.swift */ = {isa = PBXFileReference; lastKnownFileType = sourcecode.swift; path = TicTacToeUITestsLaunchTests.swift; sourceTree = "<group>"; };
/* End PBXFileReference section */

/* Begin PBXFrameworksBuildPhase section */
		AF023E6928EF3B6E008A0780 /* Frameworks */ = {
			isa = PBXFrameworksBuildPhase;
			buildActionMask = 2147483647;
			files = (
			);
			runOnlyForDeploymentPostprocessing = 0;
		};
		AF023E7F28EF3B6F008A0780 /* Frameworks */ = {
			isa = PBXFrameworksBuildPhase;
			buildActionMask = 2147483647;
			files = (
			);
			runOnlyForDeploymentPostprocessing = 0;
		};
		AF023E8928EF3B6F008A0780 /* Frameworks */ = {
			isa = PBXFrameworksBuildPhase;
			buildActionMask = 2147483647;
			files = (
			);
			runOnlyForDeploymentPostprocessing = 0;
		};
/* End PBXFrameworksBuildPhase section */

/* Begin PBXGroup section */
		AF023E6328EF3B6E008A0780 = {
			isa = PBXGroup;
			children = (
				AF023E6E28EF3B6E008A0780 /* TicTacToe */,
				AF023E8528EF3B6F008A0780 /* TicTacToeTests */,
				AF023E8F28EF3B6F008A0780 /* TicTacToeUITests */,
				AF023E6D28EF3B6E008A0780 /* Products */,
			);
			sourceTree = "<group>";
		};
		AF023E6D28EF3B6E008A0780 /* Products */ = {
			isa = PBXGroup;
			children = (
				AF023E6C28EF3B6E008A0780 /* TicTacToe.app */,
				AF023E8228EF3B6F008A0780 /* TicTacToeTests.xctest */,
				AF023E8C28EF3B6F008A0780 /* TicTacToeUITests.xctest */,
			);
			name = Products;
			sourceTree = "<group>";
		};
		AF023E6E28EF3B6E008A0780 /* TicTacToe */ = {
			isa = PBXGroup;
			children = (
				AF023E6F28EF3B6E008A0780 /* AppDelegate.swift */,
				AF023E7128EF3B6E008A0780 /* SceneDelegate.swift */,
				AF023E7328EF3B6E008A0780 /* ViewController.swift */,
				AF023E7528EF3B6E008A0780 /* Main.storyboard */,
				AF023E7828EF3B6E008A0780 /* Assets.xcassets */,
				AF023E7A28EF3B6E008A0780 /* LaunchScreen.storyboard */,
				AF023E7D28EF3B6E008A0780 /* Info.plist */,
			);
			path = TicTacToe;
			sourceTree = "<group>";
		};
		AF023E8528EF3B6F008A0780 /* TicTacToeTests */ = {
			isa = PBXGroup;
			children = (
				AF023E8628EF3B6F008A0780 /* TicTacToeTests.swift */,
			);
			path = TicTacToeTests;
			sourceTree = "<group>";
		};
		AF023E8F28EF3B6F008A0780 /* TicTacToeUITests */ = {
			isa = PBXGroup;
			children = (
				AF023E9028EF3B6F008A0780 /* TicTacToeUITests.swift */,
				AF023E9228EF3B6F008A0780 /* TicTacToeUITestsLaunchTests.swift */,
			);
			path = TicTacToeUITests;
			sourceTree = "<group>";
		};
/* End PBXGroup section */

/* Begin PBXNativeTarget section */
		AF023E6B28EF3B6E008A0780 /* TicTacToe */ = {
			isa = PBXNativeTarget;
			buildConfigurationList = AF023E9628EF3B6F008A0780 /* Build configuration list for PBXNativeTarget "TicTacToe" */;
			buildPhases = (
				AF023E6828EF3B6E008A0780 /* Sources */,
				AF023E6928EF3B6E008A0780 /* Frameworks */,
				AF023E6A28EF3B6E008A0780 /* Resources */,
			);
			buildRules = (
			);
			dependencies = (
			);
			name = TicTacToe;
			productName = TicTacToe;
			productReference = AF023E6C28EF3B6E008A0780 /* TicTacToe.app */;
			productType = "com.apple.product-type.application";
		};
		AF023E8128EF3B6F008A0780 /* TicTacToeTests */ = {
			isa = PBXNativeTarget;
			buildConfigurationList = AF023E9928EF3B6F008A0780 /* Build configuration list for PBXNativeTarget "TicTacToeTests" */;
			buildPhases = (
				AF023E7E28EF3B6F008A0780 /* Sources */,
				AF023E7F28EF3B6F008A0780 /* Frameworks */,
				AF023E8028EF3B6F008A0780 /* Resources */,
			);
			buildRules = (
			);
			dependencies = (
				AF023E8428EF3B6F008A0780 /* PBXTargetDependency */,
			);
			name = TicTacToeTests;
			productName = TicTacToeTests;
			productReference = AF023E8228EF3B6F008A0780 /* TicTacToeTests.xctest */;
			productType = "com.apple.product-type.bundle.unit-test";
		};
		AF023E8B28EF3B6F008A0780 /* TicTacToeUITests */ = {
			isa = PBXNativeTarget;
			buildConfigurationList = AF023E9C28EF3B6F008A0780 /* Build configuration list for PBXNativeTarget "TicTacToeUITests" */;
			buildPhases = (
				AF023E8828EF3B6F008A0780 /* Sources */,
				AF023E8928EF3B6F008A0780 /* Frameworks */,
				AF023E8A28EF3B6F008A0780 /* Resources */,
			);
			buildRules = (
			);
			dependencies = (
				AF023E8E28EF3B6F008A0780 /* PBXTargetDependency */,
			);
			name = TicTacToeUITests;
			productName = TicTacToeUITests;
			productReference = AF023E8C28EF3B6F008A0780 /* TicTacToeUITests.xctest */;
			productType = "com.apple.product-type.bundle.ui-testing";
		};
/* End PBXNativeTarget section */

/* Begin PBXProject section */
		AF023E6428EF3B6E008A0780 /* Project object */ = {
			isa = PBXProject;
			attributes = {
				BuildIndependentTargetsInParallel = 1;
				LastSwiftUpdateCheck = 1340;
				LastUpgradeCheck = 1340;
				TargetAttributes = {
					AF023E6B28EF3B6E008A0780 = {
						CreatedOnToolsVersion = 13.4.1;
					};
					AF023E8128EF3B6F008A0780 = {
						CreatedOnToolsVersion = 13.4.1;
						TestTargetID = AF023E6B28EF3B6E008A0780;
					};
					AF023E8B28EF3B6F008A0780 = {
						CreatedOnToolsVersion = 13.4.1;
						TestTargetID = AF023E6B28EF3B6E008A0780;
					};
				};
			};
			buildConfigurationList = AF023E6728EF3B6E008A0780 /* Build configuration list for PBXProject "TicTacToe" */;
			compatibilityVersion = "Xcode 13.0";
			developmentRegion = en;
			hasScannedForEncodings = 0;
			knownRegions = (
				en,
				Base,
			);
			mainGroup = AF023E6328EF3B6E008A0780;
			productRefGroup = AF023E6D28EF3B6E008A0780 /* Products */;
			projectDirPath = "";
			projectRoot = "";
			targets = (
				AF023E6B28EF3B6E008A0780 /* TicTacToe */,
				AF023E8128EF3B6F008A0780 /* TicTacToeTests */,
				AF023E8B28EF3B6F008A0780 /* TicTacToeUITests */,
			);
		};
/* End PBXProject section */

/* Begin PBXResourcesBuildPhase section */
		AF023E6A28EF3B6E008A0780 /* Resources */ = {
			isa = PBXResourcesBuildPhase;
			buildActionMask = 2147483647;
			files = (
				AF023E7C28EF3B6E008A0780 /* LaunchScreen.storyboard in Resources */,
				AF023E7928EF3B6E008A0780 /* Assets.xcassets in Resources */,
				AF023E7728EF3B6E008A0780 /* Main.storyboard in Resources */,
			);
			runOnlyForDeploymentPostprocessing = 0;
		};
		AF023E8028EF3B6F008A0780 /* Resources */ = {
			isa = PBXResourcesBuildPhase;
			buildActionMask = 2147483647;
			files = (
			);
			runOnlyForDeploymentPostprocessing = 0;
		};
		AF023E8A28EF3B6F008A0780 /* Resources */ = {
			isa = PBXResourcesBuildPhase;
			buildActionMask = 2147483647;
			files = (
			);
			runOnlyForDeploymentPostprocessing = 0;
		};
/* End PBXResourcesBuildPhase section */

/* Begin PBXSourcesBuildPhase section */
		AF023E6828EF3B6E008A0780 /* Sources */ = {
			isa = PBXSourcesBuildPhase;
			buildActionMask = 2147483647;
			files = (
				AF023E7428EF3B6E008A0780 /* ViewController.swift in Sources */,
				AF023E7028EF3B6E008A0780 /* AppDelegate.swift in Sources */,
				AF023E7228EF3B6E008A0780 /* SceneDelegate.swift in Sources */,
			);
			runOnlyForDeploymentPostprocessing = 0;
		};
		AF023E7E28EF3B6F008A0780 /* Sources */ = {
			isa = PBXSourcesBuildPhase;
			buildActionMask = 2147483647;
			files = (
				AF023E8728EF3B6F008A0780 /* TicTacToeTests.swift in Sources */,
			);
			runOnlyForDeploymentPostprocessing = 0;
		};
		AF023E8828EF3B6F008A0780 /* Sources */ = {
			isa = PBXSourcesBuildPhase;
			buildActionMask = 2147483647;
			files = (
				AF023E9128EF3B6F008A0780 /* TicTacToeUITests.swift in Sources */,
				AF023E9328EF3B6F008A0780 /* TicTacToeUITestsLaunchTests.swift in Sources */,
			);
			runOnlyForDeploymentPostprocessing = 0;
		};
/* End PBXSourcesBuildPhase section */

/* Begin PBXTargetDependency section */
		AF023E8428EF3B6F008A0780 /* PBXTargetDependency */ = {
			isa = PBXTargetDependency;
			target = AF023E6B28EF3B6E008A0780 /* TicTacToe */;
			targetProxy = AF023E8328EF3B6F008A0780 /* PBXContainerItemProxy */;
		};
		AF023E8E28EF3B6F008A0780 /* PBXTargetDependency */ = {
			isa = PBXTargetDependency;
			target = AF023E6B28EF3B6E008A0780 /* TicTacToe */;
			targetProxy = AF023E8D28EF3B6F008A0780 /* PBXContainerItemProxy */;
		};
/* End PBXTargetDependency section */

/* Begin PBXVariantGroup section */
		AF023E7528EF3B6E008A0780 /* Main.storyboard */ = {
			isa = PBXVariantGroup;
			children = (
				AF023E7628EF3B6E008A0780 /* Base */,
			);
			name = Main.storyboard;
			sourceTree = "<group>";
		};
		AF023E7A28EF3B6E008A0780 /* LaunchScreen.storyboard */ = {
			isa = PBXVariantGroup;
			children = (
				AF023E7B28EF3B6E008A0780 /* Base */,
			);
			name = LaunchScreen.storyboard;
			sourceTree = "<group>";
		};
/* End PBXVariantGroup section */

/* Begin XCBuildConfiguration section */
		AF023E9428EF3B6F008A0780 /* Debug */ = {
			isa = XCBuildConfiguration;
			buildSettings = {
				ALWAYS_SEARCH_USER_PATHS = NO;
				CLANG_ANALYZER_NONNULL = YES;
				CLANG_ANALYZER_NUMBER_OBJECT_CONVERSION = YES_AGGRESSIVE;
				CLANG_CXX_LANGUAGE_STANDARD = "gnu++17";
				CLANG_ENABLE_MODULES = YES;
				CLANG_ENABLE_OBJC_ARC = YES;
				CLANG_ENABLE_OBJC_WEAK = YES;
				CLANG_WARN_BLOCK_CAPTURE_AUTORELEASING = YES;
				CLANG_WARN_BOOL_CONVERSION = YES;
				CLANG_WARN_COMMA = YES;
				CLANG_WARN_CONSTANT_CONVERSION = YES;
				CLANG_WARN_DEPRECATED_OBJC_IMPLEMENTATIONS = YES;
				CLANG_WARN_DIRECT_OBJC_ISA_USAGE = YES_ERROR;
				CLANG_WARN_DOCUMENTATION_COMMENTS = YES;
				CLANG_WARN_EMPTY_BODY = YES;
				CLANG_WARN_ENUM_CONVERSION = YES;
				CLANG_WARN_INFINITE_RECURSION = YES;
				CLANG_WARN_INT_CONVERSION = YES;
				CLANG_WARN_NON_LITERAL_NULL_CONVERSION = YES;
				CLANG_WARN_OBJC_IMPLICIT_RETAIN_SELF = YES;
				CLANG_WARN_OBJC_LITERAL_CONVERSION = YES;
				CLANG_WARN_OBJC_ROOT_CLASS = YES_ERROR;
				CLANG_WARN_QUOTED_INCLUDE_IN_FRAMEWORK_HEADER = YES;
				CLANG_WARN_RANGE_LOOP_ANALYSIS = YES;
				CLANG_WARN_STRICT_PROTOTYPES = YES;
				CLANG_WARN_SUSPICIOUS_MOVE = YES;
				CLANG_WARN_UNGUARDED_AVAILABILITY = YES_AGGRESSIVE;
				CLANG_WARN_UNREACHABLE_CODE = YES;
				CLANG_WARN__DUPLICATE_METHOD_MATCH = YES;
				COPY_PHASE_STRIP = NO;
				DEBUG_INFORMATION_FORMAT = dwarf;
				ENABLE_STRICT_OBJC_MSGSEND = YES;
				ENABLE_TESTABILITY = YES;
				GCC_C_LANGUAGE_STANDARD = gnu11;
				GCC_DYNAMIC_NO_PIC = NO;
				GCC_NO_COMMON_BLOCKS = YES;
				GCC_OPTIMIZATION_LEVEL = 0;
				GCC_PREPROCESSOR_DEFINITIONS = (
					"DEBUG=1",
					"$(inherited)",
				);
				GCC_WARN_64_TO_32_BIT_CONVERSION = YES;
				GCC_WARN_ABOUT_RETURN_TYPE = YES_ERROR;
				GCC_WARN_UNDECLARED_SELECTOR = YES;
				GCC_WARN_UNINITIALIZED_AUTOS = YES_AGGRESSIVE;
				GCC_WARN_UNUSED_FUNCTION = YES;
				GCC_WARN_UNUSED_VARIABLE = YES;
				IPHONEOS_DEPLOYMENT_TARGET = 15.5;
				MTL_ENABLE_DEBUG_INFO = INCLUDE_SOURCE;
				MTL_FAST_MATH = YES;
				ONLY_ACTIVE_ARCH = YES;
				SDKROOT = iphoneos;
				SWIFT_ACTIVE_COMPILATION_CONDITIONS = DEBUG;
				SWIFT_OPTIMIZATION_LEVEL = "-Onone";
			};
			name = Debug;
		};
		AF023E9528EF3B6F008A0780 /* Release */ = {
			isa = XCBuildConfiguration;
			buildSettings = {
				ALWAYS_SEARCH_USER_PATHS = NO;
				CLANG_ANALYZER_NONNULL = YES;
				CLANG_ANALYZER_NUMBER_OBJECT_CONVERSION = YES_AGGRESSIVE;
				CLANG_CXX_LANGUAGE_STANDARD = "gnu++17";
				CLANG_ENABLE_MODULES = YES;
				CLANG_ENABLE_OBJC_ARC = YES;
				CLANG_ENABLE_OBJC_WEAK = YES;
				CLANG_WARN_BLOCK_CAPTURE_AUTORELEASING = YES;
				CLANG_WARN_BOOL_CONVERSION = YES;
				CLANG_WARN_COMMA = YES;
				CLANG_WARN_CONSTANT_CONVERSION = YES;
				CLANG_WARN_DEPRECATED_OBJC_IMPLEMENTATIONS = YES;
				CLANG_WARN_DIRECT_OBJC_ISA_USAGE = YES_ERROR;
				CLANG_WARN_DOCUMENTATION_COMMENTS = YES;
				CLANG_WARN_EMPTY_BODY = YES;
				CLANG_WARN_ENUM_CONVERSION = YES;
				CLANG_WARN_INFINITE_RECURSION = YES;
				CLANG_WARN_INT_CONVERSION = YES;
				CLANG_WARN_NON_LITERAL_NULL_CONVERSION = YES;
				CLANG_WARN_OBJC_IMPLICIT_RETAIN_SELF = YES;
				CLANG_WARN_OBJC_LITERAL_CONVERSION = YES;
				CLANG_WARN_OBJC_ROOT_CLASS = YES_ERROR;
				CLANG_WARN_QUOTED_INCLUDE_IN_FRAMEWORK_HEADER = YES;
				CLANG_WARN_RANGE_LOOP_ANALYSIS = YES;
				CLANG_WARN_STRICT_PROTOTYPES = YES;
				CLANG_WARN_SUSPICIOUS_MOVE = YES;
				CLANG_WARN_UNGUARDED_AVAILABILITY = YES_AGGRESSIVE;
				CLANG_WARN_UNREACHABLE_CODE = YES;
				CLANG_WARN__DUPLICATE_METHOD_MATCH = YES;
				COPY_PHASE_STRIP = NO;
				DEBUG_INFORMATION_FORMAT = "dwarf-with-dsym";
				ENABLE_NS_ASSERTIONS = NO;
				ENABLE_STRICT_OBJC_MSGSEND = YES;
				GCC_C_LANGUAGE_STANDARD = gnu11;
				GCC_NO_COMMON_BLOCKS = YES;
				GCC_WARN_64_TO_32_BIT_CONVERSION = YES;
				GCC_WARN_ABOUT_RETURN_TYPE = YES_ERROR;
				GCC_WARN_UNDECLARED_SELECTOR = YES;
				GCC_WARN_UNINITIALIZED_AUTOS = YES_AGGRESSIVE;
				GCC_WARN_UNUSED_FUNCTION = YES;
				GCC_WARN_UNUSED_VARIABLE = YES;
				IPHONEOS_DEPLOYMENT_TARGET = 15.5;
				MTL_ENABLE_DEBUG_INFO = NO;
				MTL_FAST_MATH = YES;
				SDKROOT = iphoneos;
				SWIFT_COMPILATION_MODE = wholemodule;
				SWIFT_OPTIMIZATION_LEVEL = "-O";
				VALIDATE_PRODUCT = YES;
			};
			name = Release;
		};
		AF023E9728EF3B6F008A0780 /* Debug */ = {
			isa = XCBuildConfiguration;
			buildSettings = {
				ASSETCATALOG_COMPILER_APPICON_NAME = AppIcon;
				ASSETCATALOG_COMPILER_GLOBAL_ACCENT_COLOR_NAME = AccentColor;
				CODE_SIGN_STYLE = Automatic;
				CURRENT_PROJECT_VERSION = 1;
				DEVELOPMENT_TEAM = H4G2J5WXVR;
				GENERATE_INFOPLIST_FILE = YES;
				INFOPLIST_FILE = TicTacToe/Info.plist;
				INFOPLIST_KEY_UIApplicationSupportsIndirectInputEvents = YES;
				INFOPLIST_KEY_UILaunchStoryboardName = LaunchScreen;
				INFOPLIST_KEY_UIMainStoryboardFile = Main;
				INFOPLIST_KEY_UISupportedInterfaceOrientations_iPad = "UIInterfaceOrientationPortrait UIInterfaceOrientationPortraitUpsideDown UIInterfaceOrientationLandscapeLeft UIInterfaceOrientationLandscapeRight";
				INFOPLIST_KEY_UISupportedInterfaceOrientations_iPhone = "UIInterfaceOrientationPortrait UIInterfaceOrientationLandscapeLeft UIInterfaceOrientationLandscapeRight";
				LD_RUNPATH_SEARCH_PATHS = (
					"$(inherited)",
					"@executable_path/Frameworks",
				);
				MARKETING_VERSION = 1.0;
				PRODUCT_BUNDLE_IDENTIFIER = btarcann.TicTacToe;
				PRODUCT_NAME = "$(TARGET_NAME)";
				SWIFT_EMIT_LOC_STRINGS = YES;
				SWIFT_VERSION = 5.0;
				TARGETED_DEVICE_FAMILY = "1,2";
			};
			name = Debug;
		};
		AF023E9828EF3B6F008A0780 /* Release */ = {
			isa = XCBuildConfiguration;
			buildSettings = {
				ASSETCATALOG_COMPILER_APPICON_NAME = AppIcon;
				ASSETCATALOG_COMPILER_GLOBAL_ACCENT_COLOR_NAME = AccentColor;
				CODE_SIGN_STYLE = Automatic;
				CURRENT_PROJECT_VERSION = 1;
				DEVELOPMENT_TEAM = H4G2J5WXVR;
				GENERATE_INFOPLIST_FILE = YES;
				INFOPLIST_FILE = TicTacToe/Info.plist;
				INFOPLIST_KEY_UIApplicationSupportsIndirectInputEvents = YES;
				INFOPLIST_KEY_UILaunchStoryboardName = LaunchScreen;
				INFOPLIST_KEY_UIMainStoryboardFile = Main;
				INFOPLIST_KEY_UISupportedInterfaceOrientations_iPad = "UIInterfaceOrientationPortrait UIInterfaceOrientationPortraitUpsideDown UIInterfaceOrientationLandscapeLeft UIInterfaceOrientationLandscapeRight";
				INFOPLIST_KEY_UISupportedInterfaceOrientations_iPhone = "UIInterfaceOrientationPortrait UIInterfaceOrientationLandscapeLeft UIInterfaceOrientationLandscapeRight";
				LD_RUNPATH_SEARCH_PATHS = (
					"$(inherited)",
					"@executable_path/Frameworks",
				);
				MARKETING_VERSION = 1.0;
				PRODUCT_BUNDLE_IDENTIFIER = btarcann.TicTacToe;
				PRODUCT_NAME = "$(TARGET_NAME)";
				SWIFT_EMIT_LOC_STRINGS = YES;
				SWIFT_VERSION = 5.0;
				TARGETED_DEVICE_FAMILY = "1,2";
			};
			name = Release;
		};
		AF023E9A28EF3B6F008A0780 /* Debug */ = {
			isa = XCBuildConfiguration;
			buildSettings = {
				ALWAYS_EMBED_SWIFT_STANDARD_LIBRARIES = YES;
				BUNDLE_LOADER = "$(TEST_HOST)";
				CODE_SIGN_STYLE = Automatic;
				CURRENT_PROJECT_VERSION = 1;
				DEVELOPMENT_TEAM = H4G2J5WXVR;
				GENERATE_INFOPLIST_FILE = YES;
				IPHONEOS_DEPLOYMENT_TARGET = 15.5;
				MARKETING_VERSION = 1.0;
				PRODUCT_BUNDLE_IDENTIFIER = btarcann.TicTacToeTests;
				PRODUCT_NAME = "$(TARGET_NAME)";
				SWIFT_EMIT_LOC_STRINGS = NO;
				SWIFT_VERSION = 5.0;
				TARGETED_DEVICE_FAMILY = "1,2";
				TEST_HOST = "$(BUILT_PRODUCTS_DIR)/TicTacToe.app/TicTacToe";
			};
			name = Debug;
		};
		AF023E9B28EF3B6F008A0780 /* Release */ = {
			isa = XCBuildConfiguration;
			buildSettings = {
				ALWAYS_EMBED_SWIFT_STANDARD_LIBRARIES = YES;
				BUNDLE_LOADER = "$(TEST_HOST)";
				CODE_SIGN_STYLE = Automatic;
				CURRENT_PROJECT_VERSION = 1;
				DEVELOPMENT_TEAM = H4G2J5WXVR;
				GENERATE_INFOPLIST_FILE = YES;
				IPHONEOS_DEPLOYMENT_TARGET = 15.5;
				MARKETING_VERSION = 1.0;
				PRODUCT_BUNDLE_IDENTIFIER = btarcann.TicTacToeTests;
				PRODUCT_NAME = "$(TARGET_NAME)";
				SWIFT_EMIT_LOC_STRINGS = NO;
				SWIFT_VERSION = 5.0;
				TARGETED_DEVICE_FAMILY = "1,2";
				TEST_HOST = "$(BUILT_PRODUCTS_DIR)/TicTacToe.app/TicTacToe";
			};
			name = Release;
		};
		AF023E9D28EF3B6F008A0780 /* Debug */ = {
			isa = XCBuildConfiguration;
			buildSettings = {
				ALWAYS_EMBED_SWIFT_STANDARD_LIBRARIES = YES;
				CODE_SIGN_STYLE = Automatic;
				CURRENT_PROJECT_VERSION = 1;
				DEVELOPMENT_TEAM = H4G2J5WXVR;
				GENERATE_INFOPLIST_FILE = YES;
				MARKETING_VERSION = 1.0;
				PRODUCT_BUNDLE_IDENTIFIER = btarcann.TicTacToeUITests;
				PRODUCT_NAME = "$(TARGET_NAME)";
				SWIFT_EMIT_LOC_STRINGS = NO;
				SWIFT_VERSION = 5.0;
				TARGETED_DEVICE_FAMILY = "1,2";
				TEST_TARGET_NAME = TicTacToe;
			};
			name = Debug;
		};
		AF023E9E28EF3B6F008A0780 /* Release */ = {
			isa = XCBuildConfiguration;
			buildSettings = {
				ALWAYS_EMBED_SWIFT_STANDARD_LIBRARIES = YES;
				CODE_SIGN_STYLE = Automatic;
				CURRENT_PROJECT_VERSION = 1;
				DEVELOPMENT_TEAM = H4G2J5WXVR;
				GENERATE_INFOPLIST_FILE = YES;
				MARKETING_VERSION = 1.0;
				PRODUCT_BUNDLE_IDENTIFIER = btarcann.TicTacToeUITests;
				PRODUCT_NAME = "$(TARGET_NAME)";
				SWIFT_EMIT_LOC_STRINGS = NO;
				SWIFT_VERSION = 5.0;
				TARGETED_DEVICE_FAMILY = "1,2";
				TEST_TARGET_NAME = TicTacToe;
			};
			name = Release;
		};
/* End XCBuildConfiguration section */

/* Begin XCConfigurationList section */
		AF023E6728EF3B6E008A0780 /* Build configuration list for PBXProject "TicTacToe" */ = {
			isa = XCConfigurationList;
			buildConfigurations = (
				AF023E9428EF3B6F008A0780 /* Debug */,
				AF023E9528EF3B6F008A0780 /* Release */,
			);
			defaultConfigurationIsVisible = 0;
			defaultConfigurationName = Release;
		};
		AF023E9628EF3B6F008A0780 /* Build configuration list for PBXNativeTarget "TicTacToe" */ = {
			isa = XCConfigurationList;
			buildConfigurations = (
				AF023E9728EF3B6F008A0780 /* Debug */,
				AF023E9828EF3B6F008A0780 /* Release */,
			);
			defaultConfigurationIsVisible = 0;
			defaultConfigurationName = Release;
		};
		AF023E9928EF3B6F008A0780 /* Build configuration list for PBXNativeTarget "TicTacToeTests" */ = {
			isa = XCConfigurationList;
			buildConfigurations = (
				AF023E9A28EF3B6F008A0780 /* Debug */,
				AF023E9B28EF3B6F008A0780 /* Release */,
			);
			defaultConfigurationIsVisible = 0;
			defaultConfigurationName = Release;
		};
		AF023E9C28EF3B6F008A0780 /* Build configuration list for PBXNativeTarget "TicTacToeUITests" */ = {
			isa = XCConfigurationList;
			buildConfigurations = (
				AF023E9D28EF3B6F008A0780 /* Debug */,
				AF023E9E28EF3B6F008A0780 /* Release */,
			);
			defaultConfigurationIsVisible = 0;
			defaultConfigurationName = Release;
		};
/* End XCConfigurationList section */
	};
	rootObject = AF023E6428EF3B6E008A0780 /* Project object */;
}
